{
  "name": "@gramex/sankey",
  "version": "1.0.0",
  "lockfileVersion": 3,
  "requires": true,
  "packages": {
    "": {
      "name": "@gramex/sankey",
      "version": "1.0.0",
      "license": "MIT",
      "devDependencies": {
        "@gramex/chartbase": "^1.0.2"
      }
    },
    "node_modules/@gramex/chartbase": {
      "version": "1.0.2",
      "resolved": "https://registry.npmjs.org/@gramex/chartbase/-/chartbase-1.0.2.tgz",
      "integrity": "sha512-gXoIf+heF0QKDEEUNVrzeKUoVN3csOaEhFZEKP/eouhkWysKKMhKX+hbSiwSqEr0/zwAB6zDAfvQ1GeVVR7PvQ==",
      "dev": true
    }
  }
}
